// !$*UTF8*$!
{
	archiveVersion = 1;
	classes = {
	};
	objectVersion = 56;
	objects = {

/* Begin PBXBuildFile section */
		C740FA7828DCF19F00BA50DB /* ProfileSwipePromo.swift in Sources */ = {isa = PBXBuildFile; fileRef = C740FA7728DCF19F00BA50DB /* ProfileSwipePromo.swift */; };
		C740FA7A28DD6DB900BA50DB /* Message.swift in Sources */ = {isa = PBXBuildFile; fileRef = C740FA7928DD6DB900BA50DB /* Message.swift */; };
		C740FA7D28DD706E00BA50DB /* Person.swift in Sources */ = {isa = PBXBuildFile; fileRef = C740FA7C28DD706E00BA50DB /* Person.swift */; };
		C740FA7F28DD71CA00BA50DB /* MessagePreview.swift in Sources */ = {isa = PBXBuildFile; fileRef = C740FA7E28DD71CA00BA50DB /* MessagePreview.swift */; };
		C740FA8128DD74AE00BA50DB /* MessageView.swift in Sources */ = {isa = PBXBuildFile; fileRef = C740FA8028DD74AE00BA50DB /* MessageView.swift */; };
		C740FA8428DD7A2E00BA50DB /* ChatView.swift in Sources */ = {isa = PBXBuildFile; fileRef = C740FA8328DD7A2E00BA50DB /* ChatView.swift */; };
		C740FA8628DD7B1000BA50DB /* ChatManager.swift in Sources */ = {isa = PBXBuildFile; fileRef = C740FA8528DD7B1000BA50DB /* ChatManager.swift */; };
		C740FA8828DD9BE200BA50DB /* ChatViewHeader.swift in Sources */ = {isa = PBXBuildFile; fileRef = C740FA8728DD9BE200BA50DB /* ChatViewHeader.swift */; };
		C740FA8A28E16C2100BA50DB /* MessageListView.swift in Sources */ = {isa = PBXBuildFile; fileRef = C740FA8928E16C2000BA50DB /* MessageListView.swift */; };
		C740FA8C28E16CB300BA50DB /* MessageListVM.swift in Sources */ = {isa = PBXBuildFile; fileRef = C740FA8B28E16CB300BA50DB /* MessageListVM.swift */; };
		C740FA8E28E40FAC00BA50DB /* MesssageRowView.swift in Sources */ = {isa = PBXBuildFile; fileRef = C740FA8D28E40FAC00BA50DB /* MesssageRowView.swift */; };
		C740FA9028E46DE200BA50DB /* UserManager.swift in Sources */ = {isa = PBXBuildFile; fileRef = C740FA8F28E46DE200BA50DB /* UserManager.swift */; };
		C740FA9228E46EAE00BA50DB /* User.swift in Sources */ = {isa = PBXBuildFile; fileRef = C740FA9128E46EAE00BA50DB /* User.swift */; };
		C740FA9428E4724A00BA50DB /* LikesView.swift in Sources */ = {isa = PBXBuildFile; fileRef = C740FA9328E4724A00BA50DB /* LikesView.swift */; };
		C7E1278828DCB4AC0030C1F9 /* BuildTinderAppApp.swift in Sources */ = {isa = PBXBuildFile; fileRef = C7E1278728DCB4AC0030C1F9 /* BuildTinderAppApp.swift */; };
		C7E1278A28DCB4AC0030C1F9 /* ContentView.swift in Sources */ = {isa = PBXBuildFile; fileRef = C7E1278928DCB4AC0030C1F9 /* ContentView.swift */; };
		C7E1278C28DCB4B00030C1F9 /* Assets.xcassets in Resources */ = {isa = PBXBuildFile; fileRef = C7E1278B28DCB4B00030C1F9 /* Assets.xcassets */; };
		C7E1278F28DCB4B00030C1F9 /* Preview Assets.xcassets in Resources */ = {isa = PBXBuildFile; fileRef = C7E1278E28DCB4B00030C1F9 /* Preview Assets.xcassets */; };
		C7E1279628DCB57F0030C1F9 /* Extensions.swift in Sources */ = {isa = PBXBuildFile; fileRef = C7E1279528DCB57F0030C1F9 /* Extensions.swift */; };
		C7E1279828DCB5B90030C1F9 /* AppStateManager.swift in Sources */ = {isa = PBXBuildFile; fileRef = C7E1279728DCB5B90030C1F9 /* AppStateManager.swift */; };
		C7E1279A28DCB6030030C1F9 /* MainView.swift in Sources */ = {isa = PBXBuildFile; fileRef = C7E1279928DCB6030030C1F9 /* MainView.swift */; };
		C7E1279C28DCB6380030C1F9 /* TabBarButtonView.swift in Sources */ = {isa = PBXBuildFile; fileRef = C7E1279B28DCB6380030C1F9 /* TabBarButtonView.swift */; };
		C7E1279F28DCB6CB0030C1F9 /* ProfileView.swift in Sources */ = {isa = PBXBuildFile; fileRef = C7E1279E28DCB6CB0030C1F9 /* ProfileView.swift */; };
		C7E127A228DCB7310030C1F9 /* RoundedImage.swift in Sources */ = {isa = PBXBuildFile; fileRef = C7E127A128DCB7310030C1F9 /* RoundedImage.swift */; };
		C7E127AB28DCCCF00030C1F9 /* KingfisherSwiftUI in Frameworks */ = {isa = PBXBuildFile; productRef = C7E127AA28DCCCF00030C1F9 /* KingfisherSwiftUI */; };
/* End PBXBuildFile section */

/* Begin PBXFileReference section */
		C740FA7728DCF19F00BA50DB /* ProfileSwipePromo.swift */ = {isa = PBXFileReference; lastKnownFileType = sourcecode.swift; path = ProfileSwipePromo.swift; sourceTree = "<group>"; };
		C740FA7928DD6DB900BA50DB /* Message.swift */ = {isa = PBXFileReference; lastKnownFileType = sourcecode.swift; path = Message.swift; sourceTree = "<group>"; };
		C740FA7C28DD706E00BA50DB /* Person.swift */ = {isa = PBXFileReference; lastKnownFileType = sourcecode.swift; path = Person.swift; sourceTree = "<group>"; };
		C740FA7E28DD71CA00BA50DB /* MessagePreview.swift */ = {isa = PBXFileReference; lastKnownFileType = sourcecode.swift; path = MessagePreview.swift; sourceTree = "<group>"; };
		C740FA8028DD74AE00BA50DB /* MessageView.swift */ = {isa = PBXFileReference; lastKnownFileType = sourcecode.swift; path = MessageView.swift; sourceTree = "<group>"; };
		C740FA8328DD7A2E00BA50DB /* ChatView.swift */ = {isa = PBXFileReference; lastKnownFileType = sourcecode.swift; path = ChatView.swift; sourceTree = "<group>"; };
		C740FA8528DD7B1000BA50DB /* ChatManager.swift */ = {isa = PBXFileReference; lastKnownFileType = sourcecode.swift; path = ChatManager.swift; sourceTree = "<group>"; };
		C740FA8728DD9BE200BA50DB /* ChatViewHeader.swift */ = {isa = PBXFileReference; lastKnownFileType = sourcecode.swift; path = ChatViewHeader.swift; sourceTree = "<group>"; };
		C740FA8928E16C2000BA50DB /* MessageListView.swift */ = {isa = PBXFileReference; lastKnownFileType = sourcecode.swift; path = MessageListView.swift; sourceTree = "<group>"; };
		C740FA8B28E16CB300BA50DB /* MessageListVM.swift */ = {isa = PBXFileReference; lastKnownFileType = sourcecode.swift; path = MessageListVM.swift; sourceTree = "<group>"; };
		C740FA8D28E40FAC00BA50DB /* MesssageRowView.swift */ = {isa = PBXFileReference; lastKnownFileType = sourcecode.swift; path = MesssageRowView.swift; sourceTree = "<group>"; };
		C740FA8F28E46DE200BA50DB /* UserManager.swift */ = {isa = PBXFileReference; lastKnownFileType = sourcecode.swift; path = UserManager.swift; sourceTree = "<group>"; };
		C740FA9128E46EAE00BA50DB /* User.swift */ = {isa = PBXFileReference; lastKnownFileType = sourcecode.swift; path = User.swift; sourceTree = "<group>"; };
		C740FA9328E4724A00BA50DB /* LikesView.swift */ = {isa = PBXFileReference; lastKnownFileType = sourcecode.swift; path = LikesView.swift; sourceTree = "<group>"; };
		C7E1278428DCB4AC0030C1F9 /* BuildTinderApp.app */ = {isa = PBXFileReference; explicitFileType = wrapper.application; includeInIndex = 0; path = BuildTinderApp.app; sourceTree = BUILT_PRODUCTS_DIR; };
		C7E1278728DCB4AC0030C1F9 /* BuildTinderAppApp.swift */ = {isa = PBXFileReference; lastKnownFileType = sourcecode.swift; path = BuildTinderAppApp.swift; sourceTree = "<group>"; };
		C7E1278928DCB4AC0030C1F9 /* ContentView.swift */ = {isa = PBXFileReference; lastKnownFileType = sourcecode.swift; path = ContentView.swift; sourceTree = "<group>"; };
		C7E1278B28DCB4B00030C1F9 /* Assets.xcassets */ = {isa = PBXFileReference; lastKnownFileType = folder.assetcatalog; path = Assets.xcassets; sourceTree = "<group>"; };
		C7E1278E28DCB4B00030C1F9 /* Preview Assets.xcassets */ = {isa = PBXFileReference; lastKnownFileType = folder.assetcatalog; path = "Preview Assets.xcassets"; sourceTree = "<group>"; };
		C7E1279528DCB57F0030C1F9 /* Extensions.swift */ = {isa = PBXFileReference; lastKnownFileType = sourcecode.swift; path = Extensions.swift; sourceTree = "<group>"; };
		C7E1279728DCB5B90030C1F9 /* AppStateManager.swift */ = {isa = PBXFileReference; lastKnownFileType = sourcecode.swift; path = AppStateManager.swift; sourceTree = "<group>"; };
		C7E1279928DCB6030030C1F9 /* MainView.swift */ = {isa = PBXFileReference; lastKnownFileType = sourcecode.swift; path = MainView.swift; sourceTree = "<group>"; };
		C7E1279B28DCB6380030C1F9 /* TabBarButtonView.swift */ = {isa = PBXFileReference; lastKnownFileType = sourcecode.swift; path = TabBarButtonView.swift; sourceTree = "<group>"; };
		C7E1279E28DCB6CB0030C1F9 /* ProfileView.swift */ = {isa = PBXFileReference; lastKnownFileType = sourcecode.swift; path = ProfileView.swift; sourceTree = "<group>"; };
		C7E127A128DCB7310030C1F9 /* RoundedImage.swift */ = {isa = PBXFileReference; lastKnownFileType = sourcecode.swift; path = RoundedImage.swift; sourceTree = "<group>"; };
/* End PBXFileReference section */

/* Begin PBXFrameworksBuildPhase section */
		C7E1278128DCB4AC0030C1F9 /* Frameworks */ = {
			isa = PBXFrameworksBuildPhase;
			buildActionMask = 2147483647;
			files = (
				C7E127AB28DCCCF00030C1F9 /* KingfisherSwiftUI in Frameworks */,
			);
			runOnlyForDeploymentPostprocessing = 0;
		};
/* End PBXFrameworksBuildPhase section */

/* Begin PBXGroup section */
		C740FA7B28DD6DCB00BA50DB /* Model */ = {
			isa = PBXGroup;
			children = (
				C740FA7928DD6DB900BA50DB /* Message.swift */,
				C740FA7C28DD706E00BA50DB /* Person.swift */,
				C740FA7E28DD71CA00BA50DB /* MessagePreview.swift */,
				C740FA9128E46EAE00BA50DB /* User.swift */,
			);
			path = Model;
			sourceTree = "<group>";
		};
		C740FA8228DD74B700BA50DB /* Messages */ = {
			isa = PBXGroup;
			children = (
				C740FA8028DD74AE00BA50DB /* MessageView.swift */,
				C740FA8528DD7B1000BA50DB /* ChatManager.swift */,
				C740FA8328DD7A2E00BA50DB /* ChatView.swift */,
				C740FA8728DD9BE200BA50DB /* ChatViewHeader.swift */,
				C740FA8928E16C2000BA50DB /* MessageListView.swift */,
				C740FA8B28E16CB300BA50DB /* MessageListVM.swift */,
				C740FA8D28E40FAC00BA50DB /* MesssageRowView.swift */,
			);
			path = Messages;
			sourceTree = "<group>";
		};
		C740FA9628E4726D00BA50DB /* MatchesView */ = {
			isa = PBXGroup;
			children = (
				C740FA9328E4724A00BA50DB /* LikesView.swift */,
			);
			name = MatchesView;
			path = ..;
			sourceTree = "<group>";
		};
		C7E1277B28DCB4AC0030C1F9 = {
			isa = PBXGroup;
			children = (
				C7E1278628DCB4AC0030C1F9 /* BuildTinderApp */,
				C7E1279528DCB57F0030C1F9 /* Extensions.swift */,
				C7E1278528DCB4AC0030C1F9 /* Products */,
				C7E127A628DCCC5B0030C1F9 /* Frameworks */,
			);
			sourceTree = "<group>";
		};
		C7E1278528DCB4AC0030C1F9 /* Products */ = {
			isa = PBXGroup;
			children = (
				C7E1278428DCB4AC0030C1F9 /* BuildTinderApp.app */,
			);
			name = Products;
			sourceTree = "<group>";
		};
		C7E1278628DCB4AC0030C1F9 /* BuildTinderApp */ = {
			isa = PBXGroup;
			children = (
				C7E1278728DCB4AC0030C1F9 /* BuildTinderAppApp.swift */,
				C7E1278928DCB4AC0030C1F9 /* ContentView.swift */,
				C7E1279728DCB5B90030C1F9 /* AppStateManager.swift */,
				C740FA8F28E46DE200BA50DB /* UserManager.swift */,
				C7E1279D28DCB66A0030C1F9 /* MainTabBar */,
				C7E127A028DCB7080030C1F9 /* Profile */,
				C740FA8228DD74B700BA50DB /* Messages */,
				C740FA9628E4726D00BA50DB /* MatchesView */,
				C740FA7B28DD6DCB00BA50DB /* Model */,
				C7E127AE28DCD11D0030C1F9 /* HelperView */,
				C7E1278B28DCB4B00030C1F9 /* Assets.xcassets */,
				C7E1278D28DCB4B00030C1F9 /* Preview Content */,
			);
			path = BuildTinderApp;
			sourceTree = "<group>";
		};
		C7E1278D28DCB4B00030C1F9 /* Preview Content */ = {
			isa = PBXGroup;
			children = (
				C7E1278E28DCB4B00030C1F9 /* Preview Assets.xcassets */,
			);
			path = "Preview Content";
			sourceTree = "<group>";
		};
		C7E1279D28DCB66A0030C1F9 /* MainTabBar */ = {
			isa = PBXGroup;
			children = (
				C7E1279928DCB6030030C1F9 /* MainView.swift */,
				C7E1279B28DCB6380030C1F9 /* TabBarButtonView.swift */,
			);
			path = MainTabBar;
			sourceTree = "<group>";
		};
		C7E127A028DCB7080030C1F9 /* Profile */ = {
			isa = PBXGroup;
			children = (
				C7E1279E28DCB6CB0030C1F9 /* ProfileView.swift */,
				C740FA7728DCF19F00BA50DB /* ProfileSwipePromo.swift */,
			);
			path = Profile;
			sourceTree = "<group>";
		};
		C7E127A628DCCC5B0030C1F9 /* Frameworks */ = {
			isa = PBXGroup;
			children = (
			);
			name = Frameworks;
			sourceTree = "<group>";
		};
		C7E127AE28DCD11D0030C1F9 /* HelperView */ = {
			isa = PBXGroup;
			children = (
				C7E127A128DCB7310030C1F9 /* RoundedImage.swift */,
			);
			path = HelperView;
			sourceTree = "<group>";
		};
/* End PBXGroup section */

/* Begin PBXNativeTarget section */
		C7E1278328DCB4AC0030C1F9 /* BuildTinderApp */ = {
			isa = PBXNativeTarget;
			buildConfigurationList = C7E1279228DCB4B00030C1F9 /* Build configuration list for PBXNativeTarget "BuildTinderApp" */;
			buildPhases = (
				C7E1278028DCB4AC0030C1F9 /* Sources */,
				C7E1278128DCB4AC0030C1F9 /* Frameworks */,
				C7E1278228DCB4AC0030C1F9 /* Resources */,
			);
			buildRules = (
			);
			dependencies = (
			);
			name = BuildTinderApp;
			packageProductDependencies = (
				C7E127AA28DCCCF00030C1F9 /* KingfisherSwiftUI */,
			);
			productName = BuildTinderApp;
			productReference = C7E1278428DCB4AC0030C1F9 /* BuildTinderApp.app */;
			productType = "com.apple.product-type.application";
		};
/* End PBXNativeTarget section */

/* Begin PBXProject section */
		C7E1277C28DCB4AC0030C1F9 /* Project object */ = {
			isa = PBXProject;
			attributes = {
				BuildIndependentTargetsInParallel = 1;
				LastSwiftUpdateCheck = 1400;
				LastUpgradeCheck = 1400;
				TargetAttributes = {
					C7E1278328DCB4AC0030C1F9 = {
						CreatedOnToolsVersion = 14.0;
					};
				};
			};
			buildConfigurationList = C7E1277F28DCB4AC0030C1F9 /* Build configuration list for PBXProject "BuildTinderApp" */;
			compatibilityVersion = "Xcode 14.0";
			developmentRegion = en;
			hasScannedForEncodings = 0;
			knownRegions = (
				en,
				Base,
			);
			mainGroup = C7E1277B28DCB4AC0030C1F9;
			packageReferences = (
				C7E127A928DCCCF00030C1F9 /* XCRemoteSwiftPackageReference "Kingfisher" */,
			);
			productRefGroup = C7E1278528DCB4AC0030C1F9 /* Products */;
			projectDirPath = "";
			projectRoot = "";
			targets = (
				C7E1278328DCB4AC0030C1F9 /* BuildTinderApp */,
			);
		};
/* End PBXProject section */

/* Begin PBXResourcesBuildPhase section */
		C7E1278228DCB4AC0030C1F9 /* Resources */ = {
			isa = PBXResourcesBuildPhase;
			buildActionMask = 2147483647;
			files = (
				C7E1278F28DCB4B00030C1F9 /* Preview Assets.xcassets in Resources */,
				C7E1278C28DCB4B00030C1F9 /* Assets.xcassets in Resources */,
			);
			runOnlyForDeploymentPostprocessing = 0;
		};
/* End PBXResourcesBuildPhase section */

/* Begin PBXSourcesBuildPhase section */
		C7E1278028DCB4AC0030C1F9 /* Sources */ = {
			isa = PBXSourcesBuildPhase;
			buildActionMask = 2147483647;
			files = (
				C740FA8628DD7B1000BA50DB /* ChatManager.swift in Sources */,
				C740FA8A28E16C2100BA50DB /* MessageListView.swift in Sources */,
				C7E1279C28DCB6380030C1F9 /* TabBarButtonView.swift in Sources */,
				C7E127A228DCB7310030C1F9 /* RoundedImage.swift in Sources */,
				C740FA8828DD9BE200BA50DB /* ChatViewHeader.swift in Sources */,
				C7E1278A28DCB4AC0030C1F9 /* ContentView.swift in Sources */,
				C740FA8C28E16CB300BA50DB /* MessageListVM.swift in Sources */,
				C7E1279828DCB5B90030C1F9 /* AppStateManager.swift in Sources */,
				C740FA8428DD7A2E00BA50DB /* ChatView.swift in Sources */,
				C740FA7D28DD706E00BA50DB /* Person.swift in Sources */,
				C740FA8128DD74AE00BA50DB /* MessageView.swift in Sources */,
				C740FA7828DCF19F00BA50DB /* ProfileSwipePromo.swift in Sources */,
				C7E1279628DCB57F0030C1F9 /* Extensions.swift in Sources */,
				C740FA8E28E40FAC00BA50DB /* MesssageRowView.swift in Sources */,
				C7E1279A28DCB6030030C1F9 /* MainView.swift in Sources */,
				C740FA7A28DD6DB900BA50DB /* Message.swift in Sources */,
				C7E1279F28DCB6CB0030C1F9 /* ProfileView.swift in Sources */,
				C740FA9428E4724A00BA50DB /* LikesView.swift in Sources */,
				C7E1278828DCB4AC0030C1F9 /* BuildTinderAppApp.swift in Sources */,
				C740FA9028E46DE200BA50DB /* UserManager.swift in Sources */,
				C740FA7F28DD71CA00BA50DB /* MessagePreview.swift in Sources */,
				C740FA9228E46EAE00BA50DB /* User.swift in Sources */,
			);
			runOnlyForDeploymentPostprocessing = 0;
		};
/* End PBXSourcesBuildPhase section */

/* Begin XCBuildConfiguration section */
		C7E1279028DCB4B00030C1F9 /* Debug */ = {
			isa = XCBuildConfiguration;
			buildSettings = {
				ALWAYS_SEARCH_USER_PATHS = NO;
				CLANG_ANALYZER_NONNULL = YES;
				CLANG_ANALYZER_NUMBER_OBJECT_CONVERSION = YES_AGGRESSIVE;
				CLANG_CXX_LANGUAGE_STANDARD = "gnu++20";
				CLANG_ENABLE_MODULES = YES;
				CLANG_ENABLE_OBJC_ARC = YES;
				CLANG_ENABLE_OBJC_WEAK = YES;
				CLANG_WARN_BLOCK_CAPTURE_AUTORELEASING = YES;
				CLANG_WARN_BOOL_CONVERSION = YES;
				CLANG_WARN_COMMA = YES;
				CLANG_WARN_CONSTANT_CONVERSION = YES;
				CLANG_WARN_DEPRECATED_OBJC_IMPLEMENTATIONS = YES;
				CLANG_WARN_DIRECT_OBJC_ISA_USAGE = YES_ERROR;
				CLANG_WARN_DOCUMENTATION_COMMENTS = YES;
				CLANG_WARN_EMPTY_BODY = YES;
				CLANG_WARN_ENUM_CONVERSION = YES;
				CLANG_WARN_INFINITE_RECURSION = YES;
				CLANG_WARN_INT_CONVERSION = YES;
				CLANG_WARN_NON_LITERAL_NULL_CONVERSION = YES;
				CLANG_WARN_OBJC_IMPLICIT_RETAIN_SELF = YES;
				CLANG_WARN_OBJC_LITERAL_CONVERSION = YES;
				CLANG_WARN_OBJC_ROOT_CLASS = YES_ERROR;
				CLANG_WARN_QUOTED_INCLUDE_IN_FRAMEWORK_HEADER = YES;
				CLANG_WARN_RANGE_LOOP_ANALYSIS = YES;
				CLANG_WARN_STRICT_PROTOTYPES = YES;
				CLANG_WARN_SUSPICIOUS_MOVE = YES;
				CLANG_WARN_UNGUARDED_AVAILABILITY = YES_AGGRESSIVE;
				CLANG_WARN_UNREACHABLE_CODE = YES;
				CLANG_WARN__DUPLICATE_METHOD_MATCH = YES;
				COPY_PHASE_STRIP = NO;
				DEBUG_INFORMATION_FORMAT = dwarf;
				ENABLE_STRICT_OBJC_MSGSEND = YES;
				ENABLE_TESTABILITY = YES;
				GCC_C_LANGUAGE_STANDARD = gnu11;
				GCC_DYNAMIC_NO_PIC = NO;
				GCC_NO_COMMON_BLOCKS = YES;
				GCC_OPTIMIZATION_LEVEL = 0;
				GCC_PREPROCESSOR_DEFINITIONS = (
					"DEBUG=1",
					"$(inherited)",
				);
				GCC_WARN_64_TO_32_BIT_CONVERSION = YES;
				GCC_WARN_ABOUT_RETURN_TYPE = YES_ERROR;
				GCC_WARN_UNDECLARED_SELECTOR = YES;
				GCC_WARN_UNINITIALIZED_AUTOS = YES_AGGRESSIVE;
				GCC_WARN_UNUSED_FUNCTION = YES;
				GCC_WARN_UNUSED_VARIABLE = YES;
				IPHONEOS_DEPLOYMENT_TARGET = 16.0;
				MTL_ENABLE_DEBUG_INFO = INCLUDE_SOURCE;
				MTL_FAST_MATH = YES;
				ONLY_ACTIVE_ARCH = YES;
				SDKROOT = iphoneos;
				SWIFT_ACTIVE_COMPILATION_CONDITIONS = DEBUG;
				SWIFT_OPTIMIZATION_LEVEL = "-Onone";
			};
			name = Debug;
		};
		C7E1279128DCB4B00030C1F9 /* Release */ = {
			isa = XCBuildConfiguration;
			buildSettings = {
				ALWAYS_SEARCH_USER_PATHS = NO;
				CLANG_ANALYZER_NONNULL = YES;
				CLANG_ANALYZER_NUMBER_OBJECT_CONVERSION = YES_AGGRESSIVE;
				CLANG_CXX_LANGUAGE_STANDARD = "gnu++20";
				CLANG_ENABLE_MODULES = YES;
				CLANG_ENABLE_OBJC_ARC = YES;
				CLANG_ENABLE_OBJC_WEAK = YES;
				CLANG_WARN_BLOCK_CAPTURE_AUTORELEASING = YES;
				CLANG_WARN_BOOL_CONVERSION = YES;
				CLANG_WARN_COMMA = YES;
				CLANG_WARN_CONSTANT_CONVERSION = YES;
				CLANG_WARN_DEPRECATED_OBJC_IMPLEMENTATIONS = YES;
				CLANG_WARN_DIRECT_OBJC_ISA_USAGE = YES_ERROR;
				CLANG_WARN_DOCUMENTATION_COMMENTS = YES;
				CLANG_WARN_EMPTY_BODY = YES;
				CLANG_WARN_ENUM_CONVERSION = YES;
				CLANG_WARN_INFINITE_RECURSION = YES;
				CLANG_WARN_INT_CONVERSION = YES;
				CLANG_WARN_NON_LITERAL_NULL_CONVERSION = YES;
				CLANG_WARN_OBJC_IMPLICIT_RETAIN_SELF = YES;
				CLANG_WARN_OBJC_LITERAL_CONVERSION = YES;
				CLANG_WARN_OBJC_ROOT_CLASS = YES_ERROR;
				CLANG_WARN_QUOTED_INCLUDE_IN_FRAMEWORK_HEADER = YES;
				CLANG_WARN_RANGE_LOOP_ANALYSIS = YES;
				CLANG_WARN_STRICT_PROTOTYPES = YES;
				CLANG_WARN_SUSPICIOUS_MOVE = YES;
				CLANG_WARN_UNGUARDED_AVAILABILITY = YES_AGGRESSIVE;
				CLANG_WARN_UNREACHABLE_CODE = YES;
				CLANG_WARN__DUPLICATE_METHOD_MATCH = YES;
				COPY_PHASE_STRIP = NO;
				DEBUG_INFORMATION_FORMAT = "dwarf-with-dsym";
				ENABLE_NS_ASSERTIONS = NO;
				ENABLE_STRICT_OBJC_MSGSEND = YES;
				GCC_C_LANGUAGE_STANDARD = gnu11;
				GCC_NO_COMMON_BLOCKS = YES;
				GCC_WARN_64_TO_32_BIT_CONVERSION = YES;
				GCC_WARN_ABOUT_RETURN_TYPE = YES_ERROR;
				GCC_WARN_UNDECLARED_SELECTOR = YES;
				GCC_WARN_UNINITIALIZED_AUTOS = YES_AGGRESSIVE;
				GCC_WARN_UNUSED_FUNCTION = YES;
				GCC_WARN_UNUSED_VARIABLE = YES;
				IPHONEOS_DEPLOYMENT_TARGET = 16.0;
				MTL_ENABLE_DEBUG_INFO = NO;
				MTL_FAST_MATH = YES;
				SDKROOT = iphoneos;
				SWIFT_COMPILATION_MODE = wholemodule;
				SWIFT_OPTIMIZATION_LEVEL = "-O";
				VALIDATE_PRODUCT = YES;
			};
			name = Release;
		};
		C7E1279328DCB4B00030C1F9 /* Debug */ = {
			isa = XCBuildConfiguration;
			buildSettings = {
				ASSETCATALOG_COMPILER_APPICON_NAME = AppIcon;
				ASSETCATALOG_COMPILER_GLOBAL_ACCENT_COLOR_NAME = AccentColor;
				CODE_SIGN_STYLE = Automatic;
				CURRENT_PROJECT_VERSION = 1;
				DEVELOPMENT_ASSET_PATHS = "\"BuildTinderApp/Preview Content\"";
				DEVELOPMENT_TEAM = Q8F87T5MX8;
				ENABLE_PREVIEWS = YES;
				GENERATE_INFOPLIST_FILE = YES;
				INFOPLIST_KEY_UIApplicationSceneManifest_Generation = YES;
				INFOPLIST_KEY_UIApplicationSupportsIndirectInputEvents = YES;
				INFOPLIST_KEY_UILaunchScreen_Generation = YES;
				INFOPLIST_KEY_UISupportedInterfaceOrientations_iPad = "UIInterfaceOrientationPortrait UIInterfaceOrientationPortraitUpsideDown UIInterfaceOrientationLandscapeLeft UIInterfaceOrientationLandscapeRight";
				INFOPLIST_KEY_UISupportedInterfaceOrientations_iPhone = "UIInterfaceOrientationPortrait UIInterfaceOrientationLandscapeLeft UIInterfaceOrientationLandscapeRight";
				LD_RUNPATH_SEARCH_PATHS = (
					"$(inherited)",
					"@executable_path/Frameworks",
				);
				MARKETING_VERSION = 1.0;
				PRODUCT_BUNDLE_IDENTIFIER = "com.icloud.ituki19990702-.BuildTinderApp";
				PRODUCT_NAME = "$(TARGET_NAME)";
				SWIFT_EMIT_LOC_STRINGS = YES;
				SWIFT_VERSION = 5.0;
				TARGETED_DEVICE_FAMILY = "1,2";
			};
			name = Debug;
		};
		C7E1279428DCB4B00030C1F9 /* Release */ = {
			isa = XCBuildConfiguration;
			buildSettings = {
				ASSETCATALOG_COMPILER_APPICON_NAME = AppIcon;
				ASSETCATALOG_COMPILER_GLOBAL_ACCENT_COLOR_NAME = AccentColor;
				CODE_SIGN_STYLE = Automatic;
				CURRENT_PROJECT_VERSION = 1;
				DEVELOPMENT_ASSET_PATHS = "\"BuildTinderApp/Preview Content\"";
				DEVELOPMENT_TEAM = Q8F87T5MX8;
				ENABLE_PREVIEWS = YES;
				GENERATE_INFOPLIST_FILE = YES;
				INFOPLIST_KEY_UIApplicationSceneManifest_Generation = YES;
				INFOPLIST_KEY_UIApplicationSupportsIndirectInputEvents = YES;
				INFOPLIST_KEY_UILaunchScreen_Generation = YES;
				INFOPLIST_KEY_UISupportedInterfaceOrientations_iPad = "UIInterfaceOrientationPortrait UIInterfaceOrientationPortraitUpsideDown UIInterfaceOrientationLandscapeLeft UIInterfaceOrientationLandscapeRight";
				INFOPLIST_KEY_UISupportedInterfaceOrientations_iPhone = "UIInterfaceOrientationPortrait UIInterfaceOrientationLandscapeLeft UIInterfaceOrientationLandscapeRight";
				LD_RUNPATH_SEARCH_PATHS = (
					"$(inherited)",
					"@executable_path/Frameworks",
				);
				MARKETING_VERSION = 1.0;
				PRODUCT_BUNDLE_IDENTIFIER = "com.icloud.ituki19990702-.BuildTinderApp";
				PRODUCT_NAME = "$(TARGET_NAME)";
				SWIFT_EMIT_LOC_STRINGS = YES;
				SWIFT_VERSION = 5.0;
				TARGETED_DEVICE_FAMILY = "1,2";
			};
			name = Release;
		};
/* End XCBuildConfiguration section */

/* Begin XCConfigurationList section */
		C7E1277F28DCB4AC0030C1F9 /* Build configuration list for PBXProject "BuildTinderApp" */ = {
			isa = XCConfigurationList;
			buildConfigurations = (
				C7E1279028DCB4B00030C1F9 /* Debug */,
				C7E1279128DCB4B00030C1F9 /* Release */,
			);
			defaultConfigurationIsVisible = 0;
			defaultConfigurationName = Release;
		};
		C7E1279228DCB4B00030C1F9 /* Build configuration list for PBXNativeTarget "BuildTinderApp" */ = {
			isa = XCConfigurationList;
			buildConfigurations = (
				C7E1279328DCB4B00030C1F9 /* Debug */,
				C7E1279428DCB4B00030C1F9 /* Release */,
			);
			defaultConfigurationIsVisible = 0;
			defaultConfigurationName = Release;
		};
/* End XCConfigurationList section */

/* Begin XCRemoteSwiftPackageReference section */
		C7E127A928DCCCF00030C1F9 /* XCRemoteSwiftPackageReference "Kingfisher" */ = {
			isa = XCRemoteSwiftPackageReference;
			repositoryURL = "https://github.com/onevcat/Kingfisher";
			requirement = {
				kind = exactVersion;
				version = 5.15.7;
			};
		};
/* End XCRemoteSwiftPackageReference section */

/* Begin XCSwiftPackageProductDependency section */
		C7E127AA28DCCCF00030C1F9 /* KingfisherSwiftUI */ = {
			isa = XCSwiftPackageProductDependency;
			package = C7E127A928DCCCF00030C1F9 /* XCRemoteSwiftPackageReference "Kingfisher" */;
			productName = KingfisherSwiftUI;
		};
/* End XCSwiftPackageProductDependency section */
	};
	rootObject = C7E1277C28DCB4AC0030C1F9 /* Project object */;
}
